# This file is automatically @generated by Poetry 2.2.1 and should not be changed by hand.

[[package]]
name = "annotated-doc"
version = "0.0.5"
description = "Document parameters, class attributes, return types, and variables inline, with Annotated."
optional = false
python-versions = ">=3.9"
groups = ["main"]
markers = "python_version == \"3.9\""
files = [
    {file = "annotated_doc-0.0.5-py3-none-any.whl", hash = "sha256:117bac03a25ede5df5440e855b32d556049ca169ead221505badf432fed4b101"},
    {file = "annotated_doc-0.0.5.tar.gz", hash = "sha256:c7e58ce09192557605d8bbd92836d7e1d520ac9580096042c0bfd197efacf1bb"},
]

[[package]]
name = "anyio"
version = "4.12.1"
description = "High-level concurrency and networking framework on top of asyncio or Trio"
optional = false
python-versions = ">=3.9"
groups = ["main"]
markers = "python_version == \"3.9\""
files = [
    {file = "anyio-4.12.1-py3-none-any.whl", hash = "sha256:d405828884fc140aa80a3c667b8beed277f1dfedec42ba031bd6ac3db606ab6c"},
    {file = "anyio-4.12.1.tar.gz", hash = "sha256:41cfcc3a4c85d3f05c932da7c26d0201ac36f72abd4435ba90d0464a3ffed703"},
]

[package.dependencies]
exceptiongroup = {version = ">=1.0.2", markers = "python_version < \"3.11\""}
idna = ">=2.8"
typing_extensions = {version = ">=4.5", markers = "python_version < \"3.13\""}

[package.extras]
trio = ["trio (>=0.31.0) ; python_version < \"3.10\"", "trio (>=0.32.0) ; python_version >= \"3.10\""]

[[package]]
name = "anyio"
version = "4.14.2"
description = "High-level concurrency and networking framework on top of asyncio or Trio"
optional = false
python-versions = ">=3.10"
groups = ["main"]
markers = "python_version >= \"3.10\""
files = [
    {file = "anyio-4.14.2-py3-none-any.whl", hash = "sha256:9f505dda5ac9f0c8309b5e8bd445a8c2bf7246f3ce950121e45ea15bc41d1494"},
    {file = "anyio-4.14.2.tar.gz", hash = "sha256:cfa139f3ed1a23ee8f88a145ddb5ac7605b8bbfd8592baacd7ce3d8bb4313c7f"},
]

[package.dependencies]
exceptiongroup = {version = ">=1.0.2", markers = "python_version < \"3.11\""}
idna = ">=2.8"
typing_extensions = {version = ">=4.5", markers = "python_version < \"3.13\""}

[package.extras]
trio = ["trio (>=0.32.0)"]

[[package]]
name = "beautifulsoup4"
version = "4.15.0"
description = "Screen-scraping library"
optional = false
python-versions = ">=3.7.0"
groups = ["main"]
files = [
    {file = "beautifulsoup4-4.15.0-py3-none-any.whl", hash = "sha256:d6f88de62e1d4e38ecb1077eb9724cd0eff29d2a08ca16a401e9b9e93f117cf9"},
    {file = "beautifulsoup4-4.15.0.tar.gz", hash = "sha256:288e3ca7d54b06f2ac191970bc275c1939cb46d450b255bf6718b04aa37ab4f7"},
]

[package.dependencies]
soupsieve = ">=1.6.1"
typing-extensions = ">=4.0.0"

[package.extras]
cchardet = ["cchardet"]
chardet = ["chardet"]
charset-normalizer = ["charset-normalizer"]
html5lib = ["html5lib"]
lxml = ["lxml"]

[[package]]
name = "certifi"
version = "2026.7.22"
description = "Python package for providing Mozilla's CA Bundle."
optional = false
python-versions = ">=3.7"
groups = ["main"]
files = [
    {file = "certifi-2026.7.22-py3-none-any.whl", hash = "sha256:62f22742b58a1a33014a2b6b706588a8d7e2a88ae7bd1a6ebe8c992928483775"},
    {file = "certifi-2026.7.22.tar.gz", hash = "sha256:741e2c3b351ddf169a738da9f2c048608ff7f2c5cc02f1ebc6b118bb090d5d55"},
]

[[package]]
name = "click"
version = "8.1.8"
description = "Composable command line interface toolkit"
optional = false
python-versions = ">=3.7"
groups = ["main"]
markers = "python_version == \"3.9\""
files = [
    {file = "click-8.1.8-py3-none-any.whl", hash = "sha256:63c132bbbed01578a06712a2d1f497bb62d9c1c0d329b7903a866228027263b2"},
    {file = "click-8.1.8.tar.gz", hash = "sha256:ed53c9d8990d83c2a27deae68e4ee337473f6330c040a31d4225c9574d16096a"},
]

[package.dependencies]
colorama = {version = "*", markers = "platform_system == \"Windows\""}

[[package]]
name = "click"
version = "8.4.2"
description = "Composable command line interface toolkit"
optional = false
python-versions = ">=3.10"
groups = ["main"]
markers = "python_version >= \"3.10\""
files = [
    {file = "click-8.4.2-py3-none-any.whl", hash = "sha256:e6f9f66136c816745b9d65817da91d61d957fb16e02e4dcd0552553c5a197b76"},
    {file = "click-8.4.2.tar.gz", hash = "sha256:9a6cea6e60b17ebe0a44c5cc636d94f09bd66142c1cd7d8b4cd731c4917a15f6"},
]

[package.dependencies]
colorama = {version = "*", markers = "platform_system == \"Windows\""}

[[package]]
name = "colorama"
version = "0.4.6"
description = "Cross-platform colored terminal text."
optional = false
python-versions = "!=3.0.*,!=3.1.*,!=3.2.*,!=3.3.*,!=3.4.*,!=3.5.*,!=3.6.*,>=2.7"
groups = ["main"]
markers = "platform_system == \"Windows\""
files = [
    {file = "colorama-0.4.6-py2.py3-none-any.whl", hash = "sha256:4f1d9991f5acc0ca119f9d443620b77f9d6b33703e51011c16baf57afb285fc6"},
    {file = "colorama-0.4.6.tar.gz", hash = "sha256:08695f5cb7ed6e0531a20572697297273c47b8cae5a63ffc6d6ed5c201be6e44"},
]

[[package]]
name = "exceptiongroup"
version = "1.3.1"
description = "Backport of PEP 654 (exception groups)"
optional = false
python-versions = ">=3.7"
groups = ["main"]
markers = "python_version < \"3.11\""
files = [
    {file = "exceptiongroup-1.3.1-py3-none-any.whl", hash = "sha256:a7a39a3bd276781e98394987d3a5701d0c4edffb633bb7a5144577f82c773598"},
    {file = "exceptiongroup-1.3.1.tar.gz", hash = "sha256:8b412432c6055b0b7d14c310000ae93352ed6754f70fa8f7c34141f91c4e3219"},
]

[package.dependencies]
typing-extensions = {version = ">=4.6.0", markers = "python_version < \"3.13\""}

[package.extras]
test = ["pytest (>=6)"]

[[package]]
name = "filelock"
version = "3.19.1"
description = "A platform independent file lock."
optional = false
python-versions = ">=3.9"
groups = ["main"]
markers = "python_version == \"3.9\""
files = [
    {file = "filelock-3.19.1-py3-none-any.whl", hash = "sha256:d38e30481def20772f5baf097c122c3babc4fcdb7e14e57049eb9d88c6dc017d"},
    {file = "filelock-3.19.1.tar.gz", hash = "sha256:66eda1888b0171c998b35be2bcc0f6d75c388a7ce20c3f3f37aa8e96c2dddf58"},
]

[[package]]
name = "filelock"
version = "3.32.2"
description = "A platform independent file lock."
optional = false
python-versions = ">=3.10"
groups = ["main"]
markers = "python_version >= \"3.10\""
files = [
    {file = "filelock-3.32.2-py3-none-any.whl", hash = "sha256:87dd94cf281e586d135fa51132b8e3d9a598b316e90377a288663c9321036c82"},
    {file = "filelock-3.32.2.tar.gz", hash = "sha256:c33351e1f49cae33414acbc6d56784e6ecee82514ec90795da1161fc4836b5b8"},
]

[[package]]
name = "fsspec"
version = "2025.10.0"
description = "File-system specification"
optional = false
python-versions = ">=3.9"
groups = ["main"]
markers = "python_version == \"3.9\""
files = [
    {file = "fsspec-2025.10.0-py3-none-any.whl", hash = "sha256:7c7712353ae7d875407f97715f0e1ffcc21e33d5b24556cb1e090ae9409ec61d"},
    {file = "fsspec-2025.10.0.tar.gz", hash = "sha256:b6789427626f068f9a83ca4e8a3cc050850b6c0f71f99ddb4f542b8266a26a59"},
]

[package.extras]
abfs = ["adlfs"]
adl = ["adlfs"]
arrow = ["pyarrow (>=1)"]
dask = ["dask", "distributed"]
dev = ["pre-commit", "ruff (>=0.5)"]
doc = ["numpydoc", "sphinx", "sphinx-design", "sphinx-rtd-theme", "yarl"]
dropbox = ["dropbox", "dropboxdrivefs", "requests"]
full = ["adlfs", "aiohttp (!=4.0.0a0,!=4.0.0a1)", "dask", "distributed", "dropbox", "dropboxdrivefs", "fusepy", "gcsfs", "libarchive-c", "ocifs", "panel", "paramiko", "pyarrow (>=1)", "pygit2", "requests", "s3fs", "smbprotocol", "tqdm"]
fuse = ["fusepy"]
gcs = ["gcsfs"]
git = ["pygit2"]
github = ["requests"]
gs = ["gcsfs"]
gui = ["panel"]
hdfs = ["pyarrow (>=1)"]
http = ["aiohttp (!=4.0.0a0,!=4.0.0a1)"]
libarchive = ["libarchive-c"]
oci = ["ocifs"]
s3 = ["s3fs"]
sftp = ["paramiko"]
smb = ["smbprotocol"]
ssh = ["paramiko"]
test = ["aiohttp (!=4.0.0a0,!=4.0.0a1)", "numpy", "pytest", "pytest-asyncio (!=0.22.0)", "pytest-benchmark", "pytest-cov", "pytest-mock", "pytest-recording", "pytest-rerunfailures", "requests"]
test-downstream = ["aiobotocore (>=2.5.4,<3.0.0)", "dask[dataframe,test]", "moto[server] (>4,<5)", "pytest-timeout", "xarray"]
test-full = ["adlfs", "aiohttp (!=4.0.0a0,!=4.0.0a1)", "cloudpickle", "dask", "distributed", "dropbox", "dropboxdrivefs", "fastparquet", "fusepy", "gcsfs", "jinja2", "kerchunk", "libarchive-c", "lz4", "notebook", "numpy", "ocifs", "pandas", "panel", "paramiko", "pyarrow", "pyarrow (>=1)", "pyftpdlib", "pygit2", "pytest", "pytest-asyncio (!=0.22.0)", "pytest-benchmark", "pytest-cov", "pytest-mock", "pytest-recording", "pytest-rerunfailures", "python-snappy", "requests", "smbprotocol", "tqdm", "urllib3", "zarr", "zstandard ; python_version < \"3.14\""]
tqdm = ["tqdm"]

[[package]]
name = "fsspec"
version = "2026.7.0"
description = "File-system specification"
optional = false
python-versions = ">=3.10"
groups = ["main"]
markers = "python_version >= \"3.10\""
files = [
    {file = "fsspec-2026.7.0-py3-none-any.whl", hash = "sha256:b57ddbafedfaef7018c1ecab32aa200a9d7ca26b77965f64e48b70061249d279"},
    {file = "fsspec-2026.7.0.tar.gz", hash = "sha256:c803c40f4cf860b49dea58ee3e1c33cb9c790520e233537e1340049f89b82a88"},
]

[package.extras]
abfs = ["adlfs"]
adl = ["adlfs"]
arrow = ["pyarrow (>=1)"]
dask = ["dask", "distributed"]
dev = ["pre-commit", "ruff (>=0.5)"]
doc = ["numpydoc", "sphinx", "sphinx-design", "sphinx-rtd-theme", "yarl"]
dropbox = ["dropbox", "dropboxdrivefs", "requests"]
full = ["adlfs", "aiohttp (!=4.0.0a0,!=4.0.0a1)", "dask", "distributed", "dropbox", "dropboxdrivefs", "fusepy", "gcsfs (>=2026.4.0)", "libarchive-c", "ocifs", "panel", "paramiko", "pyarrow (>=1)", "pygit2", "requests", "s3fs (>=2026.6.0)", "smbprotocol", "tqdm"]
fuse = ["fusepy"]
gcs = ["gcsfs (>=2026.4.0)"]
git = ["pygit2"]
github = ["requests"]
gs = ["gcsfs (>=2026.4.0)"]
gui = ["panel"]
hdfs = ["pyarrow (>=1)"]
http = ["aiohttp (!=4.0.0a0,!=4.0.0a1)"]
libarchive = ["libarchive-c"]
oci = ["ocifs"]
s3 = ["s3fs (>=2026.6.0)"]
sftp = ["paramiko"]
smb = ["smbprotocol"]
ssh = ["paramiko"]
test = ["aiohttp (!=4.0.0a0,!=4.0.0a1)", "numpy", "pytest", "pytest-asyncio (!=0.22.0)", "pytest-benchmark", "pytest-cov", "pytest-mock", "pytest-recording", "pytest-rerunfailures", "requests"]
test-downstream = ["aiobotocore (>=2.5.4,<3.0.0)", "dask[dataframe,test]", "moto[server] (>4,<5)", "pytest-timeout", "xarray"]
test-full = ["adlfs", "aiohttp (!=4.0.0a0,!=4.0.0a1)", "backports-zstd ; python_version < \"3.14\"", "cloudpickle", "dask", "distributed", "dropbox", "dropboxdrivefs", "fastparquet", "fusepy", "gcsfs (>=2026.4.0)", "jinja2", "kerchunk", "libarchive-c", "lz4", "notebook", "numpy", "ocifs", "pandas (<3.0.0)", "panel", "paramiko", "pyarrow (>=1)", "pyftpdlib", "pygit2", "pytest", "pytest-asyncio (!=0.22.0)", "pytest-benchmark", "pytest-cov", "pytest-mock", "pytest-recording", "pytest-rerunfailures", "python-snappy", "requests", "s3fs (>=2026.6.0)", "smbprotocol", "tqdm", "urllib3", "zarr (<3.2.0)", "zstandard ; python_version < \"3.14\""]
tqdm = ["tqdm"]

[[package]]
name = "h11"
version = "0.16.0"
description = "A pure-Python, bring-your-own-I/O implementation of HTTP/1.1"
optional = false
python-versions = ">=3.8"
groups = ["main"]
files = [
    {file = "h11-0.16.0-py3-none-any.whl", hash = "sha256:63cf8bbe7522de3bf65932fda1d9c2772064ffb3dae62d55932da54b31cb6c86"},
    {file = "h11-0.16.0.tar.gz", hash = "sha256:4e35b956cf45792e4caa5885e69fba00bdbc6ffafbfa020300e549b208ee5ff1"},
]

[[package]]
name = "hf-xet"
version = "1.5.2"
description = "Fast transfer of large files with the Hugging Face Hub."
optional = false
python-versions = ">=3.8"
groups = ["main"]
markers = "platform_machine == \"x86_64\" or platform_machine == \"amd64\" or platform_machine == \"AMD64\" or platform_machine == \"arm64\" or platform_machine == \"aarch64\""
files = [
    {file = "hf_xet-1.5.2-cp314-cp314t-macosx_10_12_x86_64.whl", hash = "sha256:4a5ecb9cda8512ba2aa8ee5d37c87a1422992165892d653098c7b90247481c3b"},
    {file = "hf_xet-1.5.2-cp314-cp314t-macosx_11_0_arm64.whl", hash = "sha256:8764488197c1d7b1378c8438c18d2eea902e150dbca0b0f0d2d32603fb9b5576"},
    {file = "hf_xet-1.5.2-cp314-cp314t-manylinux2014_x86_64.manylinux_2_17_x86_64.whl", hash = "sha256:8d7446f72abbf7e01ca5ff131786bc2e74a56393462c17a6bf1e303fbab81db4"},
    {file = "hf_xet-1.5.2-cp314-cp314t-manylinux_2_28_aarch64.whl", hash = "sha256:580e59e29bf37aece1f2b68537de1e3fb04f43a23d910dcf6f128280b5bfbba4"},
    {file = "hf_xet-1.5.2-cp314-cp314t-musllinux_1_2_aarch64.whl", hash = "sha256:bee28c619622d36968056532fd49cf2b35ca75099b1d616c31a618a893491380"},
    {file = "hf_xet-1.5.2-cp314-cp314t-musllinux_1_2_x86_64.whl", hash = "sha256:e396ab0faf6298199ad7a95305c3ca8498cb825978a6485be6d00587ee4ec577"},
    {file = "hf_xet-1.5.2-cp314-cp314t-win_amd64.whl", hash = "sha256:fd3add255549e8ef58fa35b2e42dc016961c050600444e7d77d030ba6b57120e"},
    {file = "hf_xet-1.5.2-cp314-cp314t-win_arm64.whl", hash = "sha256:d6f9c58549407b84b9a5383afd68db0acc42345326a3159990b36a5ca8a20e4e"},
    {file = "hf_xet-1.5.2-cp38-abi3-macosx_10_12_x86_64.whl", hash = "sha256:f922b8f5fb84f1dd3d7ab7a1316354a1bca9b1c73ecfc19c76e51a2a49d29799"},
    {file = "hf_xet-1.5.2-cp38-abi3-macosx_11_0_arm64.whl", hash = "sha256:045f84440c55cdeb659cf1a1dd48c77bcd0d2e93632e2fea8f2c3bdee79f38ed"},
    {file = "hf_xet-1.5.2-cp38-abi3-manylinux2014_x86_64.manylinux_2_17_x86_64.whl", hash = "sha256:db78c39c83d6279daddc98e2238f373ab8980685556d42472b4ec51abcf03e8c"},
    {file = "hf_xet-1.5.2-cp38-abi3-manylinux_2_28_aarch64.whl", hash = "sha256:7db73c810500c54c6760be8c39d4b2e476974de85424c50063efc22fdda13025"},
    {file = "hf_xet-1.5.2-cp38-abi3-musllinux_1_2_aarch64.whl", hash = "sha256:6395cfe3c9cbead4f16b31808b0e67eac428b66c656f856e99636adaddea878f"},
    {file = "hf_xet-1.5.2-cp38-abi3-musllinux_1_2_x86_64.whl", hash = "sha256:cde8cd167126bb6109b2ceb19b844433a4988643e8f3e01dd9dd0e4a34535097"},
    {file = "hf_xet-1.5.2-cp38-abi3-win_amd64.whl", hash = "sha256:ecf63d1cb69a9a7319910f8f83fcf9b46e7a32dfcf4b8f8eeddb55f647306e65"},
    {file = "hf_xet-1.5.2-cp38-abi3-win_arm64.whl", hash = "sha256:1da28519496eb7c8094c11e4d25509b4a468457a0302d58136099db2fd9a671d"},
    {file = "hf_xet-1.5.2.tar.gz", hash = "sha256:73044bd31bae33c984af832d19c752a0dffb67518fee9ddbd91d616e1101cf47"},
]

[package.extras]
tests = ["pytest"]

[[package]]
name = "httpcore"
version = "1.0.9"
description = "A minimal low-level HTTP client."
optional = false
python-versions = ">=3.8"
groups = ["main"]
files = [
    {file = "httpcore-1.0.9-py3-none-any.whl", hash = "sha256:2d400746a40668fc9dec9810239072b40b4484b640a8c38fd654a024c7a1bf55"},
    {file = "httpcore-1.0.9.tar.gz", hash = "sha256:6e34463af53fd2ab5d807f399a9b45ea31c3dfa2276f15a2c3f00afff6e176e8"},
]

[package.dependencies]
certifi = "*"
h11 = ">=0.16"

[package.extras]
asyncio = ["anyio (>=4.0,<5.0)"]
http2 = ["h2 (>=3,<5)"]
socks = ["socksio (==1.*)"]
trio = ["trio (>=0.22.0,<1.0)"]

[[package]]
name = "httpx"
version = "0.28.1"
description = "The next generation HTTP client."
optional = false
python-versions = ">=3.8"
groups = ["main"]
files = [
    {file = "httpx-0.28.1-py3-none-any.whl", hash = "sha256:d909fcccc110f8c7faf814ca82a9a4d816bc5a6dbfea25d6591d6985b8ba59ad"},
    {file = "httpx-0.28.1.tar.gz", hash = "sha256:75e98c5f16b0f35b567856f597f06ff2270a374470a5c2392242528e3e3e42fc"},
]

[package.dependencies]
anyio = "*"
certifi = "*"
httpcore = "==1.*"
idna = "*"

[package.extras]
brotli = ["brotli ; platform_python_implementation == \"CPython\"", "brotlicffi ; platform_python_implementation != \"CPython\""]
cli = ["click (==8.*)", "pygments (==2.*)", "rich (>=10,<14)"]
http2 = ["h2 (>=3,<5)"]
socks = ["socksio (==1.*)"]
zstd = ["zstandard (>=0.18.0)"]

[[package]]
name = "huggingface-hub"
version = "1.8.0"
description = "Client library to download and publish models, datasets and other repos on the huggingface.co hub"
optional = false
python-versions = ">=3.9.0"
groups = ["main"]
markers = "python_version == \"3.9\""
files = [
    {file = "huggingface_hub-1.8.0-py3-none-any.whl", hash = "sha256:d3eb5047bd4e33c987429de6020d4810d38a5bef95b3b40df9b17346b7f353f2"},
    {file = "huggingface_hub-1.8.0.tar.gz", hash = "sha256:c5627b2fd521e00caf8eff4ac965ba988ea75167fad7ee72e17f9b7183ec63f3"},
]

[package.dependencies]
filelock = ">=3.10.0"
fsspec = ">=2023.5.0"
hf-xet = {version = ">=1.4.2,<2.0.0", markers = "platform_machine == \"x86_64\" or platform_machine == \"amd64\" or platform_machine == \"AMD64\" or platform_machine == \"arm64\" or platform_machine == \"aarch64\""}
httpx = ">=0.23.0,<1"
packaging = ">=20.9"
pyyaml = ">=5.1"
tqdm = ">=4.42.1"
typer = "*"
typing-extensions = ">=4.1.0"

[package.extras]
all = ["Jinja2", "Pillow", "authlib (>=1.3.2)", "duckdb", "fastapi", "fastapi", "httpx", "itsdangerous", "jedi", "libcst (>=1.4.0)", "mypy (==1.15.0)", "numpy", "pytest (>=8.4.2)", "pytest-asyncio", "pytest-cov", "pytest-env", "pytest-mock", "pytest-rerunfailures (<16.0)", "pytest-vcr", "pytest-xdist", "ruff (>=0.9.0)", "soundfile", "ty", "types-PyYAML", "types-simplejson", "types-toml", "types-tqdm", "types-urllib3", "typing-extensions (>=4.8.0)", "urllib3 (<2.0)"]
dev = ["Jinja2", "Pillow", "authlib (>=1.3.2)", "duckdb", "fastapi", "fastapi", "httpx", "itsdangerous", "jedi", "libcst (>=1.4.0)", "mypy (==1.15.0)", "numpy", "pytest (>=8.4.2)", "pytest-asyncio", "pytest-cov", "pytest-env", "pytest-mock", "pytest-rerunfailures (<16.0)", "pytest-vcr", "pytest-xdist", "ruff (>=0.9.0)", "soundfile", "ty", "types-PyYAML", "types-simplejson", "types-toml", "types-tqdm", "types-urllib3", "typing-extensions (>=4.8.0)", "urllib3 (<2.0)"]
fastai = ["fastai (>=2.4)", "fastcore (>=1.3.27)", "toml"]
hf-xet = ["hf-xet (>=1.4.2,<2.0.0)"]
mcp = ["mcp (>=1.8.0)"]
oauth = ["authlib (>=1.3.2)", "fastapi", "httpx", "itsdangerous"]
quality = ["libcst (>=1.4.0)", "mypy (==1.15.0)", "ruff (>=0.9.0)", "ty"]
testing = ["Jinja2", "Pillow", "authlib (>=1.3.2)", "duckdb", "fastapi", "fastapi", "httpx", "itsdangerous", "jedi", "numpy", "pytest (>=8.4.2)", "pytest-asyncio", "pytest-cov", "pytest-env", "pytest-mock", "pytest-rerunfailures (<16.0)", "pytest-vcr", "pytest-xdist", "soundfile", "urllib3 (<2.0)"]
torch = ["safetensors[torch]", "torch"]
typing = ["types-PyYAML", "types-simplejson", "types-toml", "types-tqdm", "types-urllib3", "typing-extensions (>=4.8.0)"]

[[package]]
name = "huggingface-hub"
version = "1.26.0"
description = "Client library to download and publish models, datasets and other repos on the huggingface.co hub"
optional = false
python-versions = ">=3.10.0"
groups = ["main"]
markers = "python_version >= \"3.10\""
files = [
    {file = "huggingface_hub-1.26.0-py3-none-any.whl", hash = "sha256:e8cca670caa5d8dfa7e45bf45e86b466698198cd8150c021bcdb4a86b9252364"},
    {file = "huggingface_hub-1.26.0.tar.gz", hash = "sha256:c8cd4e2df1ba9402f77fce9b509ec1d52debb502551789473f34016acc14e361"},
]

[package.dependencies]
click = ">=8.4.2,<9.0.0"
filelock = ">=3.10.0"
fsspec = ">=2023.5.0"
hf-xet = {version = ">=1.5.1,<2.0.0", markers = "platform_machine == \"x86_64\" or platform_machine == \"amd64\" or platform_machine == \"AMD64\" or platform_machine == \"arm64\" or platform_machine == \"aarch64\""}
httpx = ">=0.23.0,<1"
packaging = ">=20.9"
pyyaml = ">=5.1"
tqdm = ">=4.42.1"
typing-extensions = ">=4.1.0"

[package.extras]
all = ["Jinja2", "Pillow", "authlib (>=1.3.2)", "duckdb", "fastapi", "fastapi", "httpx", "itsdangerous", "jedi", "libcst (>=1.4.0)", "mypy (==1.15.0)", "numpy", "pytest (>=8.4.2)", "pytest-asyncio", "pytest-cov", "pytest-env", "pytest-mock", "pytest-rerunfailures (>=16.2)", "pytest-vcr", "pytest-xdist", "ruff (>=0.9.0)", "soundfile", "ty", "types-PyYAML", "types-simplejson", "types-toml", "types-tqdm", "types-urllib3", "typing-extensions (>=4.8.0)", "urllib3 (<2.0)"]
dev = ["Jinja2", "Pillow", "authlib (>=1.3.2)", "duckdb", "fastapi", "fastapi", "httpx", "itsdangerous", "jedi", "libcst (>=1.4.0)", "mypy (==1.15.0)", "numpy", "pytest (>=8.4.2)", "pytest-asyncio", "pytest-cov", "pytest-env", "pytest-mock", "pytest-rerunfailures (>=16.2)", "pytest-vcr", "pytest-xdist", "ruff (>=0.9.0)", "soundfile", "ty", "types-PyYAML", "types-simplejson", "types-toml", "types-tqdm", "types-urllib3", "typing-extensions (>=4.8.0)", "urllib3 (<2.0)"]
fastai = ["fastai (>=2.4)", "fastcore (>=1.3.27)", "toml"]
gradio = ["gradio (>=5.0.0)", "requests"]
hf-xet = ["hf-xet (>=1.5.1,<2.0.0)"]
mcp = ["mcp (>=1.8.0)"]
oauth = ["authlib (>=1.3.2)", "fastapi", "httpx", "itsdangerous"]
quality = ["libcst (>=1.4.0)", "mypy (==1.15.0)", "ruff (>=0.9.0)", "ty"]
testing = ["Jinja2", "Pillow", "authlib (>=1.3.2)", "duckdb", "fastapi", "fastapi", "httpx", "itsdangerous", "jedi", "numpy", "pytest (>=8.4.2)", "pytest-asyncio", "pytest-cov", "pytest-env", "pytest-mock", "pytest-rerunfailures (>=16.2)", "pytest-vcr", "pytest-xdist", "soundfile", "urllib3 (<2.0)"]
torch = ["safetensors[torch]", "torch"]
typing = ["types-PyYAML", "types-simplejson", "types-toml", "types-tqdm", "types-urllib3", "typing-extensions (>=4.8.0)"]

[[package]]
name = "idna"
version = "3.18"
description = "Internationalized Domain Names in Applications (IDNA)"
optional = false
python-versions = ">=3.9"
groups = ["main"]
files = [
    {file = "idna-3.18-py3-none-any.whl", hash = "sha256:7f952cbe720b688055e3f87de14f5c3e5fdaa8bc3928985c4077ca689de849a2"},
    {file = "idna-3.18.tar.gz", hash = "sha256:ffb385a7e039654cef1ab9ef32c6fafe283c0c0467bba1d9029738ce4a14a848"},
]

[package.extras]
all = ["mypy (>=1.11.2)", "pytest (>=8.3.2)", "ruff (>=0.6.2)"]

[[package]]
name = "markdown-it-py"
version = "3.0.0"
description = "Python port of markdown-it. Markdown parsing, done right!"
optional = false
python-versions = ">=3.8"
groups = ["main"]
markers = "python_version == \"3.9\""
files = [
    {file = "markdown-it-py-3.0.0.tar.gz", hash = "sha256:e3f60a94fa066dc52ec76661e37c851cb232d92f9886b15cb560aaada2df8feb"},
    {file = "markdown_it_py-3.0.0-py3-none-any.whl", hash = "sha256:355216845c60bd96232cd8d8c40e8f9765cc86f46880e43a8fd22dc1a1a8cab1"},
]

[package.dependencies]
mdurl = ">=0.1,<1.0"

[package.extras]
benchmarking = ["psutil", "pytest", "pytest-benchmark"]
code-style = ["pre-commit (>=3.0,<4.0)"]
compare = ["commonmark (>=0.9,<1.0)", "markdown (>=3.4,<4.0)", "mistletoe (>=1.0,<2.0)", "mistune (>=2.0,<3.0)", "panflute (>=2.3,<3.0)"]
linkify = ["linkify-it-py (>=1,<3)"]
plugins = ["mdit-py-plugins"]
profiling = ["gprof2dot"]
rtd = ["jupyter_sphinx", "mdit-py-plugins", "myst-parser", "pyyaml", "sphinx", "sphinx-copybutton", "sphinx-design", "sphinx_book_theme"]
testing = ["coverage", "pytest", "pytest-cov", "pytest-regressions"]

[[package]]
name = "mdurl"
version = "0.1.2"
description = "Markdown URL utilities"
optional = false
python-versions = ">=3.7"
groups = ["main"]
markers = "python_version == \"3.9\""
files = [
    {file = "mdurl-0.1.2-py3-none-any.whl", hash = "sha256:84008a41e51615a49fc9966191ff91509e3c40b939176e643fd50a5c2196b8f8"},
    {file = "mdurl-0.1.2.tar.gz", hash = "sha256:bb413d29f5eea38f31dd4754dd7377d4465116fb207585f97bf925588687c1ba"},
]

[[package]]
name = "packaging"
version = "26.2"
description = "Core utilities for Python packages"
optional = false
python-versions = ">=3.8"
groups = ["main"]
files = [
    {file = "packaging-26.2-py3-none-any.whl", hash = "sha256:5fc45236b9446107ff2415ce77c807cee2862cb6fac22b8a73826d0693b0980e"},
    {file = "packaging-26.2.tar.gz", hash = "sha256:ff452ff5a3e828ce110190feff1178bb1f2ea2281fa2075aadb987c2fb221661"},
]

[[package]]
name = "pygments"
version = "2.20.0"
description = "Pygments is a syntax highlighting package written in Python."
optional = false
python-versions = ">=3.9"
groups = ["main"]
markers = "python_version == \"3.9\""
files = [
    {file = "pygments-2.20.0-py3-none-any.whl", hash = "sha256:81a9e26dd42fd28a23a2d169d86d7ac03b46e2f8b59ed4698fb4785f946d0176"},
    {file = "pygments-2.20.0.tar.gz", hash = "sha256:6757cd03768053ff99f3039c1a36d6c0aa0b263438fcab17520b30a303a82b5f"},
]

[package.extras]
windows-terminal = ["colorama (>=0.4.6)"]

[[package]]
name = "pyyaml"
version = "6.0.3"
description = "YAML parser and emitter for Python"
optional = false
python-versions = ">=3.8"
groups = ["main"]
files = [
    {file = "PyYAML-6.0.3-cp38-cp38-macosx_10_13_x86_64.whl", hash = "sha256:c2514fceb77bc5e7a2f7adfaa1feb2fb311607c9cb518dbc378688ec73d8292f"},
    {file = "PyYAML-6.0.3-cp38-cp38-manylinux2014_aarch64.manylinux_2_17_aarch64.manylinux_2_28_aarch64.whl", hash = "sha256:9c57bb8c96f6d1808c030b1687b9b5fb476abaa47f0db9c0101f5e9f394e97f4"},
    {file = "PyYAML-6.0.3-cp38-cp38-manylinux2014_s390x.manylinux_2_17_s390x.manylinux_2_28_s390x.whl", hash = "sha256:efd7b85f94a6f21e4932043973a7ba2613b059c4a000551892ac9f1d11f5baf3"},
    {file = "PyYAML-6.0.3-cp38-cp38-manylinux2014_x86_64.manylinux_2_17_x86_64.manylinux_2_28_x86_64.whl", hash = "sha256:22ba7cfcad58ef3ecddc7ed1db3409af68d023b7f940da23c6c2a1890976eda6"},
    {file = "PyYAML-6.0.3-cp38-cp38-musllinux_1_2_x86_64.whl", hash = "sha256:6344df0d5755a2c9a276d4473ae6b90647e216ab4757f8426893b5dd2ac3f369"},
    {file = "PyYAML-6.0.3-cp38-cp38-win32.whl", hash = "sha256:3ff07ec89bae51176c0549bc4c63aa6202991da2d9a6129d7aef7f1407d3f295"},
    {file = "PyYAML-6.0.3-cp38-cp38-win_amd64.whl", hash = "sha256:5cf4e27da7e3fbed4d6c3d8e797387aaad68102272f8f9752883bc32d61cb87b"},
    {file = "pyyaml-6.0.3-cp310-cp310-macosx_10_13_x86_64.whl", hash = "sha256:214ed4befebe12df36bcc8bc2b64b396ca31be9304b8f59e25c11cf94a4c033b"},
    {file = "pyyaml-6.0.3-cp310-cp310-macosx_11_0_arm64.whl", hash = "sha256:02ea2dfa234451bbb8772601d7b8e426c2bfa197136796224e50e35a78777956"},
    {file = "pyyaml-6.0.3-cp310-cp310-manylinux2014_aarch64.manylinux_2_17_aarch64.manylinux_2_28_aarch64.whl", hash = "sha256:b30236e45cf30d2b8e7b3e85881719e98507abed1011bf463a8fa23e9c3e98a8"},
    {file = "pyyaml-6.0.3-cp310-cp310-manylinux2014_s390x.manylinux_2_17_s390x.manylinux_2_28_s390x.whl", hash = "sha256:66291b10affd76d76f54fad28e22e51719ef9ba22b29e1d7d03d6777a9174198"},
    {file = "pyyaml-6.0.3-cp310-cp310-manylinux2014_x86_64.manylinux_2_17_x86_64.manylinux_2_28_x86_64.whl", hash = "sha256:9c7708761fccb9397fe64bbc0395abcae8c4bf7b0eac081e12b809bf47700d0b"},
    {file = "pyyaml-6.0.3-cp310-cp310-musllinux_1_2_aarch64.whl", hash = "sha256:418cf3f2111bc80e0933b2cd8cd04f286338bb88bdc7bc8e6dd775ebde60b5e0"},
    {file = "pyyaml-6.0.3-cp310-cp310-musllinux_1_2_x86_64.whl", hash = "sha256:5e0b74767e5f8c593e8c9b5912019159ed0533c70051e9cce3e8b6aa699fcd69"},
    {file = "pyyaml-6.0.3-cp310-cp310-win32.whl", hash = "sha256:28c8d926f98f432f88adc23edf2e6d4921ac26fb084b028c733d01868d19007e"},
    {file = "pyyaml-6.0.3-cp310-cp310-win_amd64.whl", hash = "sha256:bdb2c67c6c1390b63c6ff89f210c8fd09d9a1217a465701eac7316313c915e4c"},
    {file = "pyyaml-6.0.3-cp311-cp311-macosx_10_13_x86_64.whl", hash = "sha256:44edc647873928551a01e7a563d7452ccdebee747728c1080d881d68af7b997e"},
    {file = "pyyaml-6.0.3-cp311-cp311-macosx_11_0_arm64.whl", hash = "sha256:652cb6edd41e718550aad172851962662ff2681490a8a711af6a4d288dd96824"},
    {file = "pyyaml-6.0.3-cp311-cp311-manylinux2014_aarch64.manylinux_2_17_aarch64.manylinux_2_28_aarch64.whl", hash = "sha256:10892704fc220243f5305762e276552a0395f7beb4dbf9b14ec8fd43b57f126c"},
    {file = "pyyaml-6.0.3-cp311-cp311-manylinux2014_s390x.manylinux_2_17_s390x.manylinux_2_28_s390x.whl", hash = "sha256:850774a7879607d3a6f50d36d04f00ee69e7fc816450e5f7e58d7f17f1ae5c00"},
    {file = "pyyaml-6.0.3-cp311-cp311-manylinux2014_x86_64.manylinux_2_17_x86_64.manylinux_2_28_x86_64.whl", hash = "sha256:b8bb0864c5a28024fac8a632c443c87c5aa6f215c0b126c449ae1a150412f31d"},
    {file = "pyyaml-6.0.3-cp311-cp311-musllinux_1_2_aarch64.whl", hash = "sha256:1d37d57ad971609cf3c53ba6a7e365e40660e3be0e5175fa9f2365a379d6095a"},
    {file = "pyyaml-6.0.3-cp311-cp311-musllinux_1_2_x86_64.whl", hash = "sha256:37503bfbfc9d2c40b344d06b2199cf0e96e97957ab1c1b546fd4f87e53e5d3e4"},
    {file = "pyyaml-6.0.3-cp311-cp311-win32.whl", hash = "sha256:8098f252adfa6c80ab48096053f512f2321f0b998f98150cea9bd23d83e1467b"},
    {file = "pyyaml-6.0.3-cp311-cp311-win_amd64.whl", hash = "sha256:9f3bfb4965eb874431221a3ff3fdcddc7e74e3b07799e0e84ca4a0f867d449bf"},
    {file = "pyyaml-6.0.3-cp312-cp312-macosx_10_13_x86_64.whl", hash = "sha256:7f047e29dcae44602496db43be01ad42fc6f1cc0d8cd6c83d342306c32270196"},
    {file = "pyyaml-6.0.3-cp312-cp312-macosx_11_0_arm64.whl", hash = "sha256:fc09d0aa354569bc501d4e787133afc08552722d3ab34836a80547331bb5d4a0"},
    {file = "pyyaml-6.0.3-cp312-cp312-manylinux2014_aarch64.manylinux_2_17_aarch64.manylinux_2_28_aarch64.whl", hash = "sha256:9149cad251584d5fb4981be1ecde53a1ca46c891a79788c0df828d2f166bda28"},
    {file = "pyyaml-6.0.3-cp312-cp312-manylinux2014_s390x.manylinux_2_17_s390x.manylinux_2_28_s390x.whl", hash = "sha256:5fdec68f91a0c6739b380c83b951e2c72ac0197ace422360e6d5a959d8d97b2c"},
    {file = "pyyaml-6.0.3-cp312-cp312-manylinux2014_x86_64.manylinux_2_17_x86_64.manylinux_2_28_x86_64.whl", hash = "sha256:ba1cc08a7ccde2d2ec775841541641e4548226580ab850948cbfda66a1befcdc"},
    {file = "pyyaml-6.0.3-cp312-cp312-musllinux_1_2_aarch64.whl", hash = "sha256:8dc52c23056b9ddd46818a57b78404882310fb473d63f17b07d5c40421e47f8e"},
    {file = "pyyaml-6.0.3-cp312-cp312-musllinux_1_2_x86_64.whl", hash = "sha256:41715c910c881bc081f1e8872880d3c650acf13dfa8214bad49ed4cede7c34ea"},
    {file = "pyyaml-6.0.3-cp312-cp312-win32.whl", hash = "sha256:96b533f0e99f6579b3d4d4995707cf36df9100d67e0c8303a0c55b27b5f99bc5"},
    {file = "pyyaml-6.0.3-cp312-cp312-win_amd64.whl", hash = "sha256:5fcd34e47f6e0b794d17de1b4ff496c00986e1c83f7ab2fb8fcfe9616ff7477b"},
    {file = "pyyaml-6.0.3-cp312-cp312-win_arm64.whl", hash = "sha256:64386e5e707d03a7e172c0701abfb7e10f0fb753ee1d773128192742712a98fd"},
    {file = "pyyaml-6.0.3-cp313-cp313-macosx_10_13_x86_64.whl", hash = "sha256:8da9669d359f02c0b91ccc01cac4a67f16afec0dac22c2ad09f46bee0697eba8"},
    {file = "pyyaml-6.0.3-cp313-cp313-macosx_11_0_arm64.whl", hash = "sha256:2283a07e2c21a2aa78d9c4442724ec1eb15f5e42a723b99cb3d822d48f5f7ad1"},
    {file = "pyyaml-6.0.3-cp313-cp313-manylinux2014_aarch64.manylinux_2_17_aarch64.manylinux_2_28_aarch64.whl", hash = "sha256:ee2922902c45ae8ccada2c5b501ab86c36525b883eff4255313a253a3160861c"},
    {file = "pyyaml-6.0.3-cp313-cp313-manylinux2014_s390x.manylinux_2_17_s390x.manylinux_2_28_s390x.whl", hash = "sha256:a33284e20b78bd4a18c8c2282d549d10bc8408a2a7ff57653c0cf0b9be0afce5"},
    {file = "pyyaml-6.0.3-cp313-cp313-manylinux2014_x86_64.manylinux_2_17_x86_64.manylinux_2_28_x86_64.whl", hash = "sha256:0f29edc409a6392443abf94b9cf89ce99889a1dd5376d94316ae5145dfedd5d6"},
    {file = "pyyaml-6.0.3-cp313-cp313-musllinux_1_2_aarch64.whl", hash = "sha256:f7057c9a337546edc7973c0d3ba84ddcdf0daa14533c2065749c9075001090e6"},
    {file = "pyyaml-6.0.3-cp313-cp313-musllinux_1_2_x86_64.whl", hash = "sha256:eda16858a3cab07b80edaf74336ece1f986ba330fdb8ee0d6c0d68fe82bc96be"},
    {file = "pyyaml-6.0.3-cp313-cp313-win32.whl", hash = "sha256:d0eae10f8159e8fdad514efdc92d74fd8d682c933a6dd088030f3834bc8e6b26"},
    {file = "pyyaml-6.0.3-cp313-cp313-win_amd64.whl", hash = "sha256:79005a0d97d5ddabfeeea4cf676af11e647e41d81c9a7722a193022accdb6b7c"},
    {file = "pyyaml-6.0.3-cp313-cp313-win_arm64.whl", hash = "sha256:5498cd1645aa724a7c71c8f378eb29ebe23da2fc0d7a08071d89469bf1d2defb"},
    {file = "pyyaml-6.0.3-cp314-cp314-macosx_10_13_x86_64.whl", hash = "sha256:8d1fab6bb153a416f9aeb4b8763bc0f22a5586065f86f7664fc23339fc1c1fac"},
    {file = "pyyaml-6.0.3-cp314-cp314-macosx_11_0_arm64.whl", hash = "sha256:34d5fcd24b8445fadc33f9cf348c1047101756fd760b4dacb5c3e99755703310"},
    {file = "pyyaml-6.0.3-cp314-cp314-manylinux2014_aarch64.manylinux_2_17_aarch64.manylinux_2_28_aarch64.whl", hash = "sha256:501a031947e3a9025ed4405a168e6ef5ae3126c59f90ce0cd6f2bfc477be31b7"},
    {file = "pyyaml-6.0.3-cp314-cp314-manylinux2014_s390x.manylinux_2_17_s390x.manylinux_2_28_s390x.whl", hash = "sha256:b3bc83488de33889877a0f2543ade9f70c67d66d9ebb4ac959502e12de895788"},
    {file = "pyyaml-6.0.3-cp314-cp314-manylinux2014_x86_64.manylinux_2_17_x86_64.manylinux_2_28_x86_64.whl", hash = "sha256:c458b6d084f9b935061bc36216e8a69a7e293a2f1e68bf956dcd9e6cbcd143f5"},
    {file = "pyyaml-6.0.3-cp314-cp314-musllinux_1_2_aarch64.whl", hash = "sha256:7c6610def4f163542a622a73fb39f534f8c101d690126992300bf3207eab9764"},
    {file = "pyyaml-6.0.3-cp314-cp314-musllinux_1_2_x86_64.whl", hash = "sha256:5190d403f121660ce8d1d2c1bb2ef1bd05b5f68533fc5c2ea899bd15f4399b35"},
    {file = "pyyaml-6.0.3-cp314-cp314-win_amd64.whl", hash = "sha256:4a2e8cebe2ff6ab7d1050ecd59c25d4c8bd7e6f400f5f82b96557ac0abafd0ac"},
    {file = "pyyaml-6.0.3-cp314-cp314-win_arm64.whl", hash = "sha256:93dda82c9c22deb0a405ea4dc5f2d0cda384168e466364dec6255b293923b2f3"},
    {file = "pyyaml-6.0.3-cp314-cp314t-macosx_10_13_x86_64.whl", hash = "sha256:02893d100e99e03eda1c8fd5c441d8c60103fd175728e23e431db1b589cf5ab3"},
    {file = "pyyaml-6.0.3-cp314-cp314t-macosx_11_0_arm64.whl", hash = "sha256:c1ff362665ae507275af2853520967820d9124984e0f7466736aea23d8611fba"},
    {file = "pyyaml-6.0.3-cp314-cp314t-manylinux2014_aarch64.manylinux_2_17_aarch64.manylinux_2_28_aarch64.whl", hash = "sha256:6adc77889b628398debc7b65c073bcb99c4a0237b248cacaf3fe8a557563ef6c"},
    {file = "pyyaml-6.0.3-cp314-cp314t-manylinux2014_s390x.manylinux_2_17_s390x.manylinux_2_28_s390x.whl", hash = "sha256:a80cb027f6b349846a3bf6d73b5e95e782175e52f22108cfa17876aaeff93702"},
    {file = "pyyaml-6.0.3-cp314-cp314t-manylinux2014_x86_64.manylinux_2_17_x86_64.manylinux_2_28_x86_64.whl", hash = "sha256:00c4bdeba853cc34e7dd471f16b4114f4162dc03e6b7afcc2128711f0eca823c"},
    {file = "pyyaml-6.0.3-cp314-cp314t-musllinux_1_2_aarch64.whl", hash = "sha256:66e1674c3ef6f541c35191caae2d429b967b99e02040f5ba928632d9a7f0f065"},
    {file = "pyyaml-6.0.3-cp314-cp314t-musllinux_1_2_x86_64.whl", hash = "sha256:16249ee61e95f858e83976573de0f5b2893b3677ba71c9dd36b9cf8be9ac6d65"},
    {file = "pyyaml-6.0.3-cp314-cp314t-win_amd64.whl", hash = "sha256:4ad1906908f2f5ae4e5a8ddfce73c320c2a1429ec52eafd27138b7f1cbe341c9"},
    {file = "pyyaml-6.0.3-cp314-cp314t-win_arm64.whl", hash = "sha256:ebc55a14a21cb14062aa4162f906cd962b28e2e9ea38f9b4391244cd8de4ae0b"},
    {file = "pyyaml-6.0.3-cp39-cp39-macosx_10_13_x86_64.whl", hash = "sha256:b865addae83924361678b652338317d1bd7e79b1f4596f96b96c77a5a34b34da"},
    {file = "pyyaml-6.0.3-cp39-cp39-macosx_11_0_arm64.whl", hash = "sha256:c3355370a2c156cffb25e876646f149d5d68f5e0a3ce86a5084dd0b64a994917"},
    {file = "pyyaml-6.0.3-cp39-cp39-manylinux2014_aarch64.manylinux_2_17_aarch64.manylinux_2_28_aarch64.whl", hash = "sha256:3c5677e12444c15717b902a5798264fa7909e41153cdf9ef7ad571b704a63dd9"},
    {file = "pyyaml-6.0.3-cp39-cp39-manylinux2014_s390x.manylinux_2_17_s390x.manylinux_2_28_s390x.whl", hash = "sha256:5ed875a24292240029e4483f9d4a4b8a1ae08843b9c54f43fcc11e404532a8a5"},
    {file = "pyyaml-6.0.3-cp39-cp39-manylinux2014_x86_64.manylinux_2_17_x86_64.manylinux_2_28_x86_64.whl", hash = "sha256:0150219816b6a1fa26fb4699fb7daa9caf09eb1999f3b70fb6e786805e80375a"},
    {file = "pyyaml-6.0.3-cp39-cp39-musllinux_1_2_aarch64.whl", hash = "sha256:fa160448684b4e94d80416c0fa4aac48967a969efe22931448d853ada8baf926"},
    {file = "pyyaml-6.0.3-cp39-cp39-musllinux_1_2_x86_64.whl", hash = "sha256:27c0abcb4a5dac13684a37f76e701e054692a9b2d3064b70f5e4eb54810553d7"},
    {file = "pyyaml-6.0.3-cp39-cp39-win32.whl", hash = "sha256:1ebe39cb5fc479422b83de611d14e2c0d3bb2a18bbcb01f229ab3cfbd8fee7a0"},
    {file = "pyyaml-6.0.3-cp39-cp39-win_amd64.whl", hash = "sha256:2e71d11abed7344e42a8849600193d15b6def118602c4c176f748e4583246007"},
    {file = "pyyaml-6.0.3.tar.gz", hash = "sha256:d76623373421df22fb4cf8817020cbb7ef15c725b9d5e45f17e189bfc384190f"},
]

[[package]]
name = "rich"
version = "15.0.0"
description = "Render rich text, tables, progress bars, syntax highlighting, markdown and more to the terminal"
optional = false
python-versions = ">=3.9.0"
groups = ["main"]
markers = "python_version == \"3.9\""
files = [
    {file = "rich-15.0.0-py3-none-any.whl", hash = "sha256:33bd4ef74232fb73fe9279a257718407f169c09b78a87ad3d296f548e27de0bb"},
    {file = "rich-15.0.0.tar.gz", hash = "sha256:edd07a4824c6b40189fb7ac9bc4c52536e9780fbbfbddf6f1e2502c31b068c36"},
]

[package.dependencies]
markdown-it-py = ">=2.2.0"
pygments = ">=2.13.0,<3.0.0"

[package.extras]
jupyter = ["ipywidgets (>=7.5.1,<9)"]

[[package]]
name = "shellingham"
version = "1.5.4"
description = "Tool to Detect Surrounding Shell"
optional = false
python-versions = ">=3.7"
groups = ["main"]
markers = "python_version == \"3.9\""
files = [
    {file = "shellingham-1.5.4-py2.py3-none-any.whl", hash = "sha256:7ecfff8f2fd72616f7481040475a65b2bf8af90a56c89140852d1120324e8686"},
    {file = "shellingham-1.5.4.tar.gz", hash = "sha256:8dbca0739d487e5bd35ab3ca4b36e11c4078f3a234bfce294b0a0291363404de"},
]

[[package]]
name = "soupsieve"
version = "2.8.4"
description = "A modern CSS selector implementation for Beautiful Soup."
optional = false
python-versions = ">=3.9"
groups = ["main"]
markers = "python_version == \"3.9\""
files = [
    {file = "soupsieve-2.8.4-py3-none-any.whl", hash = "sha256:e7e6b0769c8f51ed59acab6e994b00621096cfb1c640a7509295987388fbaf65"},
    {file = "soupsieve-2.8.4.tar.gz", hash = "sha256:e121fd02e975c695e4e9e8774a5ee35d74714b59307868dcc5319ad2d9e3328e"},
]

[[package]]
name = "soupsieve"
version = "2.9.1"
description = "A modern CSS selector implementation for Beautiful Soup."
optional = false
python-versions = ">=3.10"
groups = ["main"]
markers = "python_version >= \"3.10\""
files = [
    {file = "soupsieve-2.9.1-py3-none-any.whl", hash = "sha256:4f4477399246b7a0c720a88ca2454b11cd6bb9ae4c9d170140786e916776c14c"},
    {file = "soupsieve-2.9.1.tar.gz", hash = "sha256:c33e6605bbc71dd628b00c632d58ae607c22bade247e52553928f83bbb75b4ba"},
]

[[package]]
name = "tqdm"
version = "4.70.0"
description = "Fast, Extensible Progress Meter"
optional = false
python-versions = ">=3.8"
groups = ["main"]
files = [
    {file = "tqdm-4.70.0-py3-none-any.whl", hash = "sha256:7f585706bfddbdebf89daac705b2dfcc16890130727d3197ca62c732b4310953"},
    {file = "tqdm-4.70.0.tar.gz", hash = "sha256:55b0b0dbd97462d06ebee91e4dac24ed4d4702be82b24f07e6c1d27e08cea220"},
]

[package.dependencies]
colorama = {version = "*", markers = "platform_system == \"Windows\""}

[package.extras]
discord = ["envwrap", "requests"]
notebook = ["ipywidgets (>=6)"]
slack = ["envwrap", "slack-sdk"]
telegram = ["envwrap", "requests"]

[[package]]
name = "typer"
version = "0.23.2"
description = "Typer, build great CLIs. Easy to code. Based on Python type hints."
optional = false
python-versions = ">=3.9"
groups = ["main"]
markers = "python_version == \"3.9\""
files = [
    {file = "typer-0.23.2-py3-none-any.whl", hash = "sha256:e9c8dc380f82450b3c851a9b9d5a0edf95d1d6456ae70c517d8b06a50c7a9978"},
    {file = "typer-0.23.2.tar.gz", hash = "sha256:a99706a08e54f1aef8bb6a8611503808188a4092808e86addff1828a208af0de"},
]

[package.dependencies]
annotated-doc = ">=0.0.2"
click = {version = ">=8.0.0", markers = "python_version < \"3.10\""}
rich = ">=12.3.0"
shellingham = ">=1.3.0"

[[package]]
name = "typing-extensions"
version = "4.16.0"
description = "Backported and Experimental Type Hints for Python 3.9+"
optional = false
python-versions = ">=3.9"
groups = ["main"]
files = [
    {file = "typing_extensions-4.16.0-py3-none-any.whl", hash = "sha256:481caa481374e813c1b176ada14e97f1f67a4539ce9cfeb3f350d78d6370c2e8"},
    {file = "typing_extensions-4.16.0.tar.gz", hash = "sha256:dc983d19a509c94dba722ee6abd33940f7c05a89e243c47e907eb4db6f1a43e5"},
]

[metadata]
lock-version = "2.1"
python-versions = ">=3.9"
content-hash = "24b57c7101d0e6e477beecff7d2349db5f1d570b3b4751c7a2792fbf64b96413"
